
Microsoft Visual Studio Solution File, Format Version 12.00
# Visual Studio Version 17
VisualStudioVersion = 17.2.32616.157
MinimumVisualStudioVersion = 10.0.40219.1
Project("{FAE04EC0-301F-11D3-BF4B-00C04F79EFBC}") = "FastConsole", "FastConsole.csproj", "{434E96AA-A7AC-41D7-A1AA-0D0F2DBCC57A}"
EndProject
Global
	GlobalSection(SolutionConfigurationPlatforms) = preSolution
		Debug|Any CPU = Debug|Any CPU
		Release|Any CPU = Release|Any CPU
	EndGlobalSection
	GlobalSection(ProjectConfigurationPlatforms) = postSolution
		{434E96AA-A7AC-41D7-A1AA-0D0F2DBCC57A}.Debug|Any CPU.ActiveCfg = Debug|Any CPU
		{434E96AA-A7AC-41D7-A1AA-0D0F2DBCC57A}.Debug|Any CPU.Build.0 = Debug|Any CPU
		{434E96AA-A7AC-41D7-A1AA-0D0F2DBCC57A}.Release|Any CPU.ActiveCfg = Release|Any CPU
		{434E96AA-A7AC-41D7-A1AA-0D0F2DBCC57A}.Release|Any CPU.Build.0 = Release|Any CPU
	EndGlobalSection
	GlobalSection(SolutionProperties) = preSolution
		HideSolutionNode = FALSE
	EndGlobalSection
	GlobalSection(ExtensibilityGlobals) = postSolution
		SolutionGuid = {E5068593-8FDD-4E72-AD17-16FBC3CB8D39}
	EndGlobalSection
EndGlobal
